
Microsoft Visual Studio Solution File, Format Version 12.00
# Visual Studio 15
VisualStudioVersion = 15.0.28307.421
MinimumVisualStudioVersion = 10.0.40219.1
Project("{FAE04EC0-301F-11D3-BF4B-00C04F79EFBC}") = "Addressbook", "Addressbook\Addressbook.csproj", "{3470AC97-F4D8-46F3-A5D6-FF47DD179D21}"
EndProject
Project("{FAE04EC0-301F-11D3-BF4B-00C04F79EFBC}") = "apiAddressbook", "apiAddressbook\apiAddressbook.csproj", "{9ACA760E-C529-4600-8D74-93325370F0FA}"
EndProject
Project("{FAE04EC0-301F-11D3-BF4B-00C04F79EFBC}") = "AppAddress.Android", "App1\App1.Android\AppAddress.Android.csproj", "{6D798C03-84ED-4FAE-98BC-9C7BA32877DC}"
EndProject
Project("{FAE04EC0-301F-11D3-BF4B-00C04F79EFBC}") = "AppAddrres.iOS", "App1\App1.iOS\AppAddrres.iOS.csproj", "{859F4F78-6975-4CEE-8A80-05CF78192FFB}"
EndProject
Project("{9A19103F-16F7-4668-BE54-9A1E7A4F7556}") = "appAddress", "App1\App1\appAddress.csproj", "{E4D57C29-46B5-410D-85A7-AC617769B6E4}"
EndProject
Project("{FAE04EC0-301F-11D3-BF4B-00C04F79EFBC}") = "apiAddressSecurity", "apiAddressSecurity\apiAddressSecurity.csproj", "{088DA8A3-2EBC-46DB-8C65-73A898837171}"
EndProject
Global
	GlobalSection(SolutionConfigurationPlatforms) = preSolution
		Ad-Hoc|Any CPU = Ad-Hoc|Any CPU
		Ad-Hoc|iPhone = Ad-Hoc|iPhone
		Ad-Hoc|iPhoneSimulator = Ad-Hoc|iPhoneSimulator
		AppStore|Any CPU = AppStore|Any CPU
		AppStore|iPhone = AppStore|iPhone
		AppStore|iPhoneSimulator = AppStore|iPhoneSimulator
		Debug|Any CPU = Debug|Any CPU
		Debug|iPhone = Debug|iPhone
		Debug|iPhoneSimulator = Debug|iPhoneSimulator
		Release|Any CPU = Release|Any CPU
		Release|iPhone = Release|iPhone
		Release|iPhoneSimulator = Release|iPhoneSimulator
	EndGlobalSection
	GlobalSection(ProjectConfigurationPlatforms) = postSolution
		{3470AC97-F4D8-46F3-A5D6-FF47DD179D21}.Ad-Hoc|Any CPU.ActiveCfg = Release|Any CPU
		{3470AC97-F4D8-46F3-A5D6-FF47DD179D21}.Ad-Hoc|Any CPU.Build.0 = Release|Any CPU
		{3470AC97-F4D8-46F3-A5D6-FF47DD179D21}.Ad-Hoc|iPhone.ActiveCfg = Release|Any CPU
		{3470AC97-F4D8-46F3-A5D6-FF47DD179D21}.Ad-Hoc|iPhone.Build.0 = Release|Any CPU
		{3470AC97-F4D8-46F3-A5D6-FF47DD179D21}.Ad-Hoc|iPhoneSimulator.ActiveCfg = Release|Any CPU
		{3470AC97-F4D8-46F3-A5D6-FF47DD179D21}.Ad-Hoc|iPhoneSimulator.Build.0 = Release|Any CPU
		{3470AC97-F4D8-46F3-A5D6-FF47DD179D21}.AppStore|Any CPU.ActiveCfg = Release|Any CPU
		{3470AC97-F4D8-46F3-A5D6-FF47DD179D21}.AppStore|Any CPU.Build.0 = Release|Any CPU
		{3470AC97-F4D8-46F3-A5D6-FF47DD179D21}.AppStore|iPhone.ActiveCfg = Release|Any CPU
		{3470AC97-F4D8-46F3-A5D6-FF47DD179D21}.AppStore|iPhone.Build.0 = Release|Any CPU
		{3470AC97-F4D8-46F3-A5D6-FF47DD179D21}.AppStore|iPhoneSimulator.ActiveCfg = Release|Any CPU
		{3470AC97-F4D8-46F3-A5D6-FF47DD179D21}.AppStore|iPhoneSimulator.Build.0 = Release|Any CPU
		{3470AC97-F4D8-46F3-A5D6-FF47DD179D21}.Debug|Any CPU.ActiveCfg = Debug|Any CPU
		{3470AC97-F4D8-46F3-A5D6-FF47DD179D21}.Debug|Any CPU.Build.0 = Debug|Any CPU
		{3470AC97-F4D8-46F3-A5D6-FF47DD179D21}.Debug|iPhone.ActiveCfg = Debug|Any CPU
		{3470AC97-F4D8-46F3-A5D6-FF47DD179D21}.Debug|iPhone.Build.0 = Debug|Any CPU
		{3470AC97-F4D8-46F3-A5D6-FF47DD179D21}.Debug|iPhoneSimulator.ActiveCfg = Debug|Any CPU
		{3470AC97-F4D8-46F3-A5D6-FF47DD179D21}.Debug|iPhoneSimulator.Build.0 = Debug|Any CPU
		{3470AC97-F4D8-46F3-A5D6-FF47DD179D21}.Release|Any CPU.ActiveCfg = Release|Any CPU
		{3470AC97-F4D8-46F3-A5D6-FF47DD179D21}.Release|Any CPU.Build.0 = Release|Any CPU
		{3470AC97-F4D8-46F3-A5D6-FF47DD179D21}.Release|iPhone.ActiveCfg = Release|Any CPU
		{3470AC97-F4D8-46F3-A5D6-FF47DD179D21}.Release|iPhone.Build.0 = Release|Any CPU
		{3470AC97-F4D8-46F3-A5D6-FF47DD179D21}.Release|iPhoneSimulator.ActiveCfg = Release|Any CPU
		{3470AC97-F4D8-46F3-A5D6-FF47DD179D21}.Release|iPhoneSimulator.Build.0 = Release|Any CPU
		{9ACA760E-C529-4600-8D74-93325370F0FA}.Ad-Hoc|Any CPU.ActiveCfg = Release|Any CPU
		{9ACA760E-C529-4600-8D74-93325370F0FA}.Ad-Hoc|Any CPU.Build.0 = Release|Any CPU
		{9ACA760E-C529-4600-8D74-93325370F0FA}.Ad-Hoc|iPhone.ActiveCfg = Release|Any CPU
		{9ACA760E-C529-4600-8D74-93325370F0FA}.Ad-Hoc|iPhone.Build.0 = Release|Any CPU
		{9ACA760E-C529-4600-8D74-93325370F0FA}.Ad-Hoc|iPhoneSimulator.ActiveCfg = Release|Any CPU
		{9ACA760E-C529-4600-8D74-93325370F0FA}.Ad-Hoc|iPhoneSimulator.Build.0 = Release|Any CPU
		{9ACA760E-C529-4600-8D74-93325370F0FA}.AppStore|Any CPU.ActiveCfg = Release|Any CPU
		{9ACA760E-C529-4600-8D74-93325370F0FA}.AppStore|Any CPU.Build.0 = Release|Any CPU
		{9ACA760E-C529-4600-8D74-93325370F0FA}.AppStore|iPhone.ActiveCfg = Release|Any CPU
		{9ACA760E-C529-4600-8D74-93325370F0FA}.AppStore|iPhone.Build.0 = Release|Any CPU
		{9ACA760E-C529-4600-8D74-93325370F0FA}.AppStore|iPhoneSimulator.ActiveCfg = Release|Any CPU
		{9ACA760E-C529-4600-8D74-93325370F0FA}.AppStore|iPhoneSimulator.Build.0 = Release|Any CPU
		{9ACA760E-C529-4600-8D74-93325370F0FA}.Debug|Any CPU.ActiveCfg = Debug|Any CPU
		{9ACA760E-C529-4600-8D74-93325370F0FA}.Debug|Any CPU.Build.0 = Debug|Any CPU
		{9ACA760E-C529-4600-8D74-93325370F0FA}.Debug|iPhone.ActiveCfg = Debug|Any CPU
		{9ACA760E-C529-4600-8D74-93325370F0FA}.Debug|iPhone.Build.0 = Debug|Any CPU
		{9ACA760E-C529-4600-8D74-93325370F0FA}.Debug|iPhoneSimulator.ActiveCfg = Debug|Any CPU
		{9ACA760E-C529-4600-8D74-93325370F0FA}.Debug|iPhoneSimulator.Build.0 = Debug|Any CPU
		{9ACA760E-C529-4600-8D74-93325370F0FA}.Release|Any CPU.ActiveCfg = Release|Any CPU
		{9ACA760E-C529-4600-8D74-93325370F0FA}.Release|Any CPU.Build.0 = Release|Any CPU
		{9ACA760E-C529-4600-8D74-93325370F0FA}.Release|iPhone.ActiveCfg = Release|Any CPU
		{9ACA760E-C529-4600-8D74-93325370F0FA}.Release|iPhone.Build.0 = Release|Any CPU
		{9ACA760E-C529-4600-8D74-93325370F0FA}.Release|iPhoneSimulator.ActiveCfg = Release|Any CPU
		{9ACA760E-C529-4600-8D74-93325370F0FA}.Release|iPhoneSimulator.Build.0 = Release|Any CPU
		{6D798C03-84ED-4FAE-98BC-9C7BA32877DC}.Ad-Hoc|Any CPU.ActiveCfg = Release|Any CPU
		{6D798C03-84ED-4FAE-98BC-9C7BA32877DC}.Ad-Hoc|Any CPU.Build.0 = Release|Any CPU
		{6D798C03-84ED-4FAE-98BC-9C7BA32877DC}.Ad-Hoc|Any CPU.Deploy.0 = Release|Any CPU
		{6D798C03-84ED-4FAE-98BC-9C7BA32877DC}.Ad-Hoc|iPhone.ActiveCfg = Release|Any CPU
		{6D798C03-84ED-4FAE-98BC-9C7BA32877DC}.Ad-Hoc|iPhone.Build.0 = Release|Any CPU
		{6D798C03-84ED-4FAE-98BC-9C7BA32877DC}.Ad-Hoc|iPhone.Deploy.0 = Release|Any CPU
		{6D798C03-84ED-4FAE-98BC-9C7BA32877DC}.Ad-Hoc|iPhoneSimulator.ActiveCfg = Release|Any CPU
		{6D798C03-84ED-4FAE-98BC-9C7BA32877DC}.Ad-Hoc|iPhoneSimulator.Build.0 = Release|Any CPU
		{6D798C03-84ED-4FAE-98BC-9C7BA32877DC}.Ad-Hoc|iPhoneSimulator.Deploy.0 = Release|Any CPU
		{6D798C03-84ED-4FAE-98BC-9C7BA32877DC}.AppStore|Any CPU.ActiveCfg = Release|Any CPU
		{6D798C03-84ED-4FAE-98BC-9C7BA32877DC}.AppStore|Any CPU.Build.0 = Release|Any CPU
		{6D798C03-84ED-4FAE-98BC-9C7BA32877DC}.AppStore|Any CPU.Deploy.0 = Release|Any CPU
		{6D798C03-84ED-4FAE-98BC-9C7BA32877DC}.AppStore|iPhone.ActiveCfg = Release|Any CPU
		{6D798C03-84ED-4FAE-98BC-9C7BA32877DC}.AppStore|iPhone.Build.0 = Release|Any CPU
		{6D798C03-84ED-4FAE-98BC-9C7BA32877DC}.AppStore|iPhone.Deploy.0 = Release|Any CPU
		{6D798C03-84ED-4FAE-98BC-9C7BA32877DC}.AppStore|iPhoneSimulator.ActiveCfg = Release|Any CPU
		{6D798C03-84ED-4FAE-98BC-9C7BA32877DC}.AppStore|iPhoneSimulator.Build.0 = Release|Any CPU
		{6D798C03-84ED-4FAE-98BC-9C7BA32877DC}.AppStore|iPhoneSimulator.Deploy.0 = Release|Any CPU
		{6D798C03-84ED-4FAE-98BC-9C7BA32877DC}.Debug|Any CPU.ActiveCfg = Debug|Any CPU
		{6D798C03-84ED-4FAE-98BC-9C7BA32877DC}.Debug|Any CPU.Build.0 = Debug|Any CPU
		{6D798C03-84ED-4FAE-98BC-9C7BA32877DC}.Debug|Any CPU.Deploy.0 = Debug|Any CPU
		{6D798C03-84ED-4FAE-98BC-9C7BA32877DC}.Debug|iPhone.ActiveCfg = Debug|Any CPU
		{6D798C03-84ED-4FAE-98BC-9C7BA32877DC}.Debug|iPhone.Build.0 = Debug|Any CPU
		{6D798C03-84ED-4FAE-98BC-9C7BA32877DC}.Debug|iPhone.Deploy.0 = Debug|Any CPU
		{6D798C03-84ED-4FAE-98BC-9C7BA32877DC}.Debug|iPhoneSimulator.ActiveCfg = Debug|Any CPU
		{6D798C03-84ED-4FAE-98BC-9C7BA32877DC}.Debug|iPhoneSimulator.Build.0 = Debug|Any CPU
		{6D798C03-84ED-4FAE-98BC-9C7BA32877DC}.Debug|iPhoneSimulator.Deploy.0 = Debug|Any CPU
		{6D798C03-84ED-4FAE-98BC-9C7BA32877DC}.Release|Any CPU.ActiveCfg = Release|Any CPU
		{6D798C03-84ED-4FAE-98BC-9C7BA32877DC}.Release|Any CPU.Build.0 = Release|Any CPU
		{6D798C03-84ED-4FAE-98BC-9C7BA32877DC}.Release|Any CPU.Deploy.0 = Release|Any CPU
		{6D798C03-84ED-4FAE-98BC-9C7BA32877DC}.Release|iPhone.ActiveCfg = Release|Any CPU
		{6D798C03-84ED-4FAE-98BC-9C7BA32877DC}.Release|iPhone.Build.0 = Release|Any CPU
		{6D798C03-84ED-4FAE-98BC-9C7BA32877DC}.Release|iPhone.Deploy.0 = Release|Any CPU
		{6D798C03-84ED-4FAE-98BC-9C7BA32877DC}.Release|iPhoneSimulator.ActiveCfg = Release|Any CPU
		{6D798C03-84ED-4FAE-98BC-9C7BA32877DC}.Release|iPhoneSimulator.Build.0 = Release|Any CPU
		{6D798C03-84ED-4FAE-98BC-9C7BA32877DC}.Release|iPhoneSimulator.Deploy.0 = Release|Any CPU
		{859F4F78-6975-4CEE-8A80-05CF78192FFB}.Ad-Hoc|Any CPU.ActiveCfg = Ad-Hoc|iPhone
		{859F4F78-6975-4CEE-8A80-05CF78192FFB}.Ad-Hoc|iPhone.ActiveCfg = Ad-Hoc|iPhone
		{859F4F78-6975-4CEE-8A80-05CF78192FFB}.Ad-Hoc|iPhone.Build.0 = Ad-Hoc|iPhone
		{859F4F78-6975-4CEE-8A80-05CF78192FFB}.Ad-Hoc|iPhoneSimulator.ActiveCfg = Ad-Hoc|iPhoneSimulator
		{859F4F78-6975-4CEE-8A80-05CF78192FFB}.Ad-Hoc|iPhoneSimulator.Build.0 = Ad-Hoc|iPhoneSimulator
		{859F4F78-6975-4CEE-8A80-05CF78192FFB}.AppStore|Any CPU.ActiveCfg = AppStore|iPhone
		{859F4F78-6975-4CEE-8A80-05CF78192FFB}.AppStore|iPhone.ActiveCfg = AppStore|iPhone
		{859F4F78-6975-4CEE-8A80-05CF78192FFB}.AppStore|iPhone.Build.0 = AppStore|iPhone
		{859F4F78-6975-4CEE-8A80-05CF78192FFB}.AppStore|iPhoneSimulator.ActiveCfg = AppStore|iPhoneSimulator
		{859F4F78-6975-4CEE-8A80-05CF78192FFB}.AppStore|iPhoneSimulator.Build.0 = AppStore|iPhoneSimulator
		{859F4F78-6975-4CEE-8A80-05CF78192FFB}.Debug|Any CPU.ActiveCfg = Debug|iPhone
		{859F4F78-6975-4CEE-8A80-05CF78192FFB}.Debug|iPhone.ActiveCfg = Debug|iPhone
		{859F4F78-6975-4CEE-8A80-05CF78192FFB}.Debug|iPhone.Build.0 = Debug|iPhone
		{859F4F78-6975-4CEE-8A80-05CF78192FFB}.Debug|iPhoneSimulator.ActiveCfg = Debug|iPhoneSimulator
		{859F4F78-6975-4CEE-8A80-05CF78192FFB}.Debug|iPhoneSimulator.Build.0 = Debug|iPhoneSimulator
		{859F4F78-6975-4CEE-8A80-05CF78192FFB}.Release|Any CPU.ActiveCfg = Release|iPhone
		{859F4F78-6975-4CEE-8A80-05CF78192FFB}.Release|iPhone.ActiveCfg = Release|iPhone
		{859F4F78-6975-4CEE-8A80-05CF78192FFB}.Release|iPhone.Build.0 = Release|iPhone
		{859F4F78-6975-4CEE-8A80-05CF78192FFB}.Release|iPhoneSimulator.ActiveCfg = Release|iPhoneSimulator
		{859F4F78-6975-4CEE-8A80-05CF78192FFB}.Release|iPhoneSimulator.Build.0 = Release|iPhoneSimulator
		{E4D57C29-46B5-410D-85A7-AC617769B6E4}.Ad-Hoc|Any CPU.ActiveCfg = Debug|Any CPU
		{E4D57C29-46B5-410D-85A7-AC617769B6E4}.Ad-Hoc|Any CPU.Build.0 = Debug|Any CPU
		{E4D57C29-46B5-410D-85A7-AC617769B6E4}.Ad-Hoc|iPhone.ActiveCfg = Debug|Any CPU
		{E4D57C29-46B5-410D-85A7-AC617769B6E4}.Ad-Hoc|iPhone.Build.0 = Debug|Any CPU
		{E4D57C29-46B5-410D-85A7-AC617769B6E4}.Ad-Hoc|iPhoneSimulator.ActiveCfg = Debug|Any CPU
		{E4D57C29-46B5-410D-85A7-AC617769B6E4}.Ad-Hoc|iPhoneSimulator.Build.0 = Debug|Any CPU
		{E4D57C29-46B5-410D-85A7-AC617769B6E4}.AppStore|Any CPU.ActiveCfg = Debug|Any CPU
		{E4D57C29-46B5-410D-85A7-AC617769B6E4}.AppStore|Any CPU.Build.0 = Debug|Any CPU
		{E4D57C29-46B5-410D-85A7-AC617769B6E4}.AppStore|iPhone.ActiveCfg = Debug|Any CPU
		{E4D57C29-46B5-410D-85A7-AC617769B6E4}.AppStore|iPhone.Build.0 = Debug|Any CPU
		{E4D57C29-46B5-410D-85A7-AC617769B6E4}.AppStore|iPhoneSimulator.ActiveCfg = Debug|Any CPU
		{E4D57C29-46B5-410D-85A7-AC617769B6E4}.AppStore|iPhoneSimulator.Build.0 = Debug|Any CPU
		{E4D57C29-46B5-410D-85A7-AC617769B6E4}.Debug|Any CPU.ActiveCfg = Debug|Any CPU
		{E4D57C29-46B5-410D-85A7-AC617769B6E4}.Debug|Any CPU.Build.0 = Debug|Any CPU
		{E4D57C29-46B5-410D-85A7-AC617769B6E4}.Debug|iPhone.ActiveCfg = Debug|Any CPU
		{E4D57C29-46B5-410D-85A7-AC617769B6E4}.Debug|iPhone.Build.0 = Debug|Any CPU
		{E4D57C29-46B5-410D-85A7-AC617769B6E4}.Debug|iPhoneSimulator.ActiveCfg = Debug|Any CPU
		{E4D57C29-46B5-410D-85A7-AC617769B6E4}.Debug|iPhoneSimulator.Build.0 = Debug|Any CPU
		{E4D57C29-46B5-410D-85A7-AC617769B6E4}.Release|Any CPU.ActiveCfg = Release|Any CPU
		{E4D57C29-46B5-410D-85A7-AC617769B6E4}.Release|Any CPU.Build.0 = Release|Any CPU
		{E4D57C29-46B5-410D-85A7-AC617769B6E4}.Release|iPhone.ActiveCfg = Release|Any CPU
		{E4D57C29-46B5-410D-85A7-AC617769B6E4}.Release|iPhone.Build.0 = Release|Any CPU
		{E4D57C29-46B5-410D-85A7-AC617769B6E4}.Release|iPhoneSimulator.ActiveCfg = Release|Any CPU
		{E4D57C29-46B5-410D-85A7-AC617769B6E4}.Release|iPhoneSimulator.Build.0 = Release|Any CPU
		{088DA8A3-2EBC-46DB-8C65-73A898837171}.Ad-Hoc|Any CPU.ActiveCfg = Release|Any CPU
		{088DA8A3-2EBC-46DB-8C65-73A898837171}.Ad-Hoc|Any CPU.Build.0 = Release|Any CPU
		{088DA8A3-2EBC-46DB-8C65-73A898837171}.Ad-Hoc|iPhone.ActiveCfg = Release|Any CPU
		{088DA8A3-2EBC-46DB-8C65-73A898837171}.Ad-Hoc|iPhone.Build.0 = Release|Any CPU
		{088DA8A3-2EBC-46DB-8C65-73A898837171}.Ad-Hoc|iPhoneSimulator.ActiveCfg = Release|Any CPU
		{088DA8A3-2EBC-46DB-8C65-73A898837171}.Ad-Hoc|iPhoneSimulator.Build.0 = Release|Any CPU
		{088DA8A3-2EBC-46DB-8C65-73A898837171}.AppStore|Any CPU.ActiveCfg = Release|Any CPU
		{088DA8A3-2EBC-46DB-8C65-73A898837171}.AppStore|Any CPU.Build.0 = Release|Any CPU
		{088DA8A3-2EBC-46DB-8C65-73A898837171}.AppStore|iPhone.ActiveCfg = Release|Any CPU
		{088DA8A3-2EBC-46DB-8C65-73A898837171}.AppStore|iPhone.Build.0 = Release|Any CPU
		{088DA8A3-2EBC-46DB-8C65-73A898837171}.AppStore|iPhoneSimulator.ActiveCfg = Release|Any CPU
		{088DA8A3-2EBC-46DB-8C65-73A898837171}.AppStore|iPhoneSimulator.Build.0 = Release|Any CPU
		{088DA8A3-2EBC-46DB-8C65-73A898837171}.Debug|Any CPU.ActiveCfg = Debug|Any CPU
		{088DA8A3-2EBC-46DB-8C65-73A898837171}.Debug|Any CPU.Build.0 = Debug|Any CPU
		{088DA8A3-2EBC-46DB-8C65-73A898837171}.Debug|iPhone.ActiveCfg = Debug|Any CPU
		{088DA8A3-2EBC-46DB-8C65-73A898837171}.Debug|iPhone.Build.0 = Debug|Any CPU
		{088DA8A3-2EBC-46DB-8C65-73A898837171}.Debug|iPhoneSimulator.ActiveCfg = Debug|Any CPU
		{088DA8A3-2EBC-46DB-8C65-73A898837171}.Debug|iPhoneSimulator.Build.0 = Debug|Any CPU
		{088DA8A3-2EBC-46DB-8C65-73A898837171}.Release|Any CPU.ActiveCfg = Release|Any CPU
		{088DA8A3-2EBC-46DB-8C65-73A898837171}.Release|Any CPU.Build.0 = Release|Any CPU
		{088DA8A3-2EBC-46DB-8C65-73A898837171}.Release|iPhone.ActiveCfg = Release|Any CPU
		{088DA8A3-2EBC-46DB-8C65-73A898837171}.Release|iPhone.Build.0 = Release|Any CPU
		{088DA8A3-2EBC-46DB-8C65-73A898837171}.Release|iPhoneSimulator.ActiveCfg = Release|Any CPU
		{088DA8A3-2EBC-46DB-8C65-73A898837171}.Release|iPhoneSimulator.Build.0 = Release|Any CPU
	EndGlobalSection
	GlobalSection(SolutionProperties) = preSolution
		HideSolutionNode = FALSE
	EndGlobalSection
	GlobalSection(ExtensibilityGlobals) = postSolution
		SolutionGuid = {EB85C768-D4E1-4309-914B-23B60D860B0C}
	EndGlobalSection
EndGlobal
